git.apache.org/thrift.git v0.13.0/go.mod h1:fPE2ZNJGynbRyZ4dJvy6G277gSllfV2HJqblrnkyeyg=
github.com/apache/thrift v0.13.0 h1:5hryIiq9gtn+MiLVn0wP37kb/uTeRZgN08WoCsAhIhI=
github.com/apache/thrift v0.13.0/go.mod h1:cp2SuWMxlEZw2r+iP2GNCdIi4C1qmUzdZFSVb+bacwQ=
github.com/davecgh/go-spew v1.1.0/go.mod h1:J7Y8YcW2NihsgmVo/mv3lAwl/skON4iLHjSsI+c5H38=
github.com/davecgh/go-spew v1.1.1 h1:vj9j/u1bqnvCEfJOwUhtlOARqs3+rkHYY13jYWTU97c=
github.com/davecgh/go-spew v1.1.1/go.mod h1:J7Y8YcW2NihsgmVo/mv3lAwl/skON4iLHjSsI+c5H38=
github.com/facebookgo/inject v0.0.0-20180706035515-f23751cae28b h1:V6c4/dSTNhSaNn4c5ulbakfv277qCvs7byFYv7P83iQ=
github.com/facebookgo/inject v0.0.0-20180706035515-f23751cae28b/go.mod h1:oO8UHw+fDHjDsk4CTy/E96WDzFUYozAtBAaGNoVL0+c=
github.com/facebookgo/structtag v0.0.0-20150214074306-217e25fb9691 h1:KnnwHN59Jxec0htA2pe/i0/WI9vxXLQifdhBrP3lqcQ=
github.com/facebookgo/structtag v0.0.0-20150214074306-217e25fb9691/go.mod h1:sKLL1iua/0etWfo/nPCmyz+v2XDMXy+Ho53W7RAuZNY=
github.com/fastly/go-utils v0.0.0-20180712184237-d95a45783239 h1:Ghm4eQYC0nEPnSJdVkTrXpu9KtoVCSo1hg7mtI7G9KU=
github.com/fastly/go-utils v0.0.0-20180712184237-d95a45783239/go.mod h1:Gdwt2ce0yfBxPvZrHkprdPPTTS3N5rwmLE8T22KBXlw=
github.com/google/gofuzz v1.0.0/go.mod h1:dBl0BpW6vV/+mYPU4Po3pmUjxk6FQPldtuIdl/M65Eg=
github.com/jehiah/go-strftime v0.0.0-20171201141054-1d33003b3869 h1:IPJ3dvxmJ4uczJe5YQdrYB16oTJlGSC/OyZDqUk9xX4=
github.com/jehiah/go-strftime v0.0.0-20171201141054-1d33003b3869/go.mod h1:cJ6Cj7dQo+O6GJNiMx+Pa94qKj+TG8ONdKHgMNIyyag=
github.com/jonboulle/clockwork v0.1.0 h1:VKV+ZcuP6l3yW9doeqz6ziZGgcynBVQO+obU0+0hcPo=
github.com/jonboulle/clockwork v0.1.0/go.mod h1:Ii8DK3G1RaLaWxj9trq07+26W01tbo22gdxWY5EU2bo=
github.com/json-iterator/go v1.1.10 h1:Kz6Cvnvv2wGdaG/V8yMvfkmNiXq9Ya2KUv4rouJJr68=
github.com/json-iterator/go v1.1.10/go.mod h1:KdQUCv79m/52Kvf8AW2vK1V8akMuk1QjK/uOdHXbAo4=
github.com/konsorten/go-windows-terminal-sequences v1.0.3 h1:CE8S1cTafDpPvMhIxNJKvHsGVBgn1xWYf1NbHQhywc8=
github.com/konsorten/go-windows-terminal-sequences v1.0.3/go.mod h1:T0+1ngSBFLxvqU3pZ+m/2kptfBszLMUkC4ZK/EgS/cQ=
github.com/lestrrat-go/envload v0.0.0-20180220234015-a3eb8ddeffcc h1:RKf14vYWi2ttpEmkA4aQ3j4u9dStX2t4M8UM6qqNsG8=
github.com/lestrrat-go/envload v0.0.0-20180220234015-a3eb8ddeffcc/go.mod h1:kopuH9ugFRkIXf3YoqHKyrJ9YfUFsckUU9S7B+XP+is=
github.com/lestrrat-go/file-rotatelogs v2.3.0+incompatible h1:4mNlp+/SvALIPFpbXV3kxNJJno9iKFWGxSDE13Kl66Q=
github.com/lestrrat-go/file-rotatelogs v2.3.0+incompatible/go.mod h1:ZQnN8lSECaebrkQytbHj4xNgtg8CR7RYXnPok8e0EHA=
github.com/lestrrat-go/strftime v1.0.1 h1:o7qz5pmLzPDLyGW4lG6JvTKPUfTFXwe+vOamIYWtnVU=
github.com/lestrrat-go/strftime v1.0.1/go.mod h1:E1nN3pCbtMSu1yjSVeyuRFVm/U0xoR76fd03sz+Qz4g=
github.com/modern-go/concurrent v0.0.0-20180228061459-e0a39a4cb421 h1:ZqeYNhU3OHLH3mGKHDcjJRFFRrJa6eAM5H+CtDdOsPc=
github.com/modern-go/concurrent v0.0.0-20180228061459-e0a39a4cb421/go.mod h1:6dJC0mAP4ikYIbvyc7fijjWJddQyLn8Ig3JB5CqoB9Q=
github.com/modern-go/reflect2 v0.0.0-20180701023420-4b7aa43c6742 h1:Esafd1046DLDQ0W1YjYsBW+p8U2u7vzgW2SQVmlNazg=
github.com/modern-go/reflect2 v0.0.0-20180701023420-4b7aa43c6742/go.mod h1:bx2lNnkwVCuqBIxFjflWJWanXIb3RllmbCylyMrvgv0=
github.com/pkg/errors v0.8.1/go.mod h1:bwawxfHBFNV+L2hUp1rHADufV3IMtnDRdf1r5NINEl0=
github.com/pkg/errors v0.9.1 h1:FEBLx1zS214owpjy7qsBeixbURkuhQAwrK5UwLGTwt4=
github.com/pkg/errors v0.9.1/go.mod h1:bwawxfHBFNV+L2hUp1rHADufV3IMtnDRdf1r5NINEl0=
github.com/pmezard/go-difflib v1.0.0 h1:4DBwDE0NGyQoBHbLQYPwSUPoCMWR5BEzIk/f1lZbAQM=
github.com/pmezard/go-difflib v1.0.0/go.mod h1:iKH77koFhYxTK1pcRnkKkqfTogsbg7gZNVY4sRDYZ/4=
github.com/rifflock/lfshook v0.0.0-20180920164130-b9218ef580f5 h1:mZHayPoR0lNmnHyvtYjDeq0zlVHn9K/ZXoy17ylucdo=
github.com/rifflock/lfshook v0.0.0-20180920164130-b9218ef580f5/go.mod h1:GEXHk5HgEKCvEIIrSpFI3ozzG5xOKA2DVlEX/gGnewM=
github.com/samuel/go-zookeeper v0.0.0-20190923202752-2cc03de413da h1:p3Vo3i64TCLY7gIfzeQaUJ+kppEO5WQG3cL8iE8tGHU=
github.com/samuel/go-zookeeper v0.0.0-20190923202752-2cc03de413da/go.mod h1:gi+0XIa01GRL2eRQVjQkKGqKF3SF9vZR/HnPullcV2E=
github.com/sirupsen/logrus v1.6.0 h1:UBcNElsrwanuuMsnGSlYmtmgbb23qDR5dG+6X6Oo89I=
github.com/sirupsen/logrus v1.6.0/go.mod h1:7uNnSEd1DgxDLC74fIahvMZmmYsHGZGEOFrfsX/uA88=
github.com/stretchr/objx v0.1.0/go.mod h1:HFkY916IF+rwdDfMAkV7OtwuqBVzrE8GR6GFx+wExME=
github.com/stretchr/testify v1.2.2/go.mod h1:a8OnRcib4nhh0OaRAV+Yts87kKdq0PP7pXfy6kDkUVs=
github.com/stretchr/testify v1.3.0 h1:TivCn/peBQ7UY8ooIcPgZFpTNSz0Q2U6UrFlUfqbe0Q=
github.com/stretchr/testify v1.3.0/go.mod h1:M5WIy9Dh21IEIfnGCwXGc5bZfKNJtfHm1UVUgZn+9EI=
github.com/tebeka/strftime v0.1.4 h1:e0FKSyxthD1Xk4cIixFPoyfD33u2SbjNngOaaC3ePoU=
github.com/tebeka/strftime v0.1.4/go.mod h1:7wJm3dZlpr4l/oVK0t1HYIc4rMzQ2XJlOMIUJUJH6XQ=
golang.org/x/sys v0.0.0-20190422165155-953cdadca894 h1:Cz4ceDQGXuKRnVBDTS23GTn/pU5OE2C0WrNTOYK1Uuc=
golang.org/x/sys v0.0.0-20190422165155-953cdadca894/go.mod h1:h1NjWce9XRLGQEsW7wpKNCjG9DtNlClVuFLEZdDNbEs=
gopkg.in/check.v1 v0.0.0-20161208181325-20d25e280405 h1:yhCVgyC4o1eVCa2tZl7eS0r+SDo693bJlVdllGtEeKM=
gopkg.in/check.v1 v0.0.0-20161208181325-20d25e280405/go.mod h1:Co6ibVJAznAaIkqp8huTwlJQCZ016jof/cbN4VW5Yz0=
gopkg.in/yaml.v2 v2.3.0 h1:clyUAQHOM3G0M3f5vQj7LuJrETvjVot3Z5el9nffUtU=
gopkg.in/yaml.v2 v2.3.0/go.mod h1:hI93XBmqTisBFMUTm0b8Fm+jr3Dg1NNxqwp+5A1VGuI=
